
Microsoft Visual Studio Solution File, Format Version 12.00
# Visual Studio Version 16
VisualStudioVersion = 16.0.32228.343
MinimumVisualStudioVersion = 10.0.40219.1
Project("{9A19103F-16F7-4668-BE54-9A1E7A4F7556}") = "OneangSmithy-Server", "OneangSmithy\OneangSmithy-Server.csproj", "{44114466-DC20-43AD-8CF9-40D06B02C85F}"
EndProject
Global
	GlobalSection(SolutionConfigurationPlatforms) = preSolution
		Debug|Any CPU = Debug|Any CPU
		Release|Any CPU = Release|Any CPU
	EndGlobalSection
	GlobalSection(ProjectConfigurationPlatforms) = postSolution
		{44114466-DC20-43AD-8CF9-40D06B02C85F}.Debug|Any CPU.ActiveCfg = Debug|Any CPU
		{44114466-DC20-43AD-8CF9-40D06B02C85F}.Debug|Any CPU.Build.0 = Debug|Any CPU
		{44114466-DC20-43AD-8CF9-40D06B02C85F}.Release|Any CPU.ActiveCfg = Release|Any CPU
		{44114466-DC20-43AD-8CF9-40D06B02C85F}.Release|Any CPU.Build.0 = Release|Any CPU
	EndGlobalSection
	GlobalSection(SolutionProperties) = preSolution
		HideSolutionNode = FALSE
	EndGlobalSection
	GlobalSection(ExtensibilityGlobals) = postSolution
		SolutionGuid = {87A66101-5549-4A6C-9EF5-0D547B44D38C}
	EndGlobalSection
EndGlobal
